Microsoft Visual Studio Solution File, Format Version 11.00
# Visual Studio 2008

Project("{46174634-27F2-46F7-D19A-E62713D9D64F}") = "boardgameFlow", "Assembly-CSharp-firstpass.csproj", "{D6F2FADB-1793-A184-D8AA-95636F6D1554}"
EndProject
Project("{46174634-27F2-46F7-D19A-E62713D9D64F}") = "boardgameFlow", "Assembly-CSharp.csproj", "{8E653294-F71D-8CE7-40A5-5701BC0BB5AE}"
EndProject
Project("{46174634-27F2-46F7-D19A-E62713D9D64F}") = "boardgameFlow", "Assembly-CSharp-Editor.csproj", "{2F3F4375-C91D-55FB-3EC5-CCD36D826D45}"
EndProject
Global
	GlobalSection(SolutionConfigurationPlatforms) = preSolution
		Debug|Any CPU = Debug|Any CPU
		Release|Any CPU = Release|Any CPU
	EndGlobalSection
	GlobalSection(ProjectConfigurationPlatforms) = postSolution
		{D6F2FADB-1793-A184-D8AA-95636F6D1554}.Debug|Any CPU.ActiveCfg = Debug|Any CPU
		{D6F2FADB-1793-A184-D8AA-95636F6D1554}.Debug|Any CPU.Build.0 = Debug|Any CPU
		{D6F2FADB-1793-A184-D8AA-95636F6D1554}.Release|Any CPU.ActiveCfg = Release|Any CPU
		{D6F2FADB-1793-A184-D8AA-95636F6D1554}.Release|Any CPU.Build.0 = Release|Any CPU
		{8E653294-F71D-8CE7-40A5-5701BC0BB5AE}.Debug|Any CPU.ActiveCfg = Debug|Any CPU
		{8E653294-F71D-8CE7-40A5-5701BC0BB5AE}.Debug|Any CPU.Build.0 = Debug|Any CPU
		{8E653294-F71D-8CE7-40A5-5701BC0BB5AE}.Release|Any CPU.ActiveCfg = Release|Any CPU
		{8E653294-F71D-8CE7-40A5-5701BC0BB5AE}.Release|Any CPU.Build.0 = Release|Any CPU
		{2F3F4375-C91D-55FB-3EC5-CCD36D826D45}.Debug|Any CPU.ActiveCfg = Debug|Any CPU
		{2F3F4375-C91D-55FB-3EC5-CCD36D826D45}.Debug|Any CPU.Build.0 = Debug|Any CPU
		{2F3F4375-C91D-55FB-3EC5-CCD36D826D45}.Release|Any CPU.ActiveCfg = Release|Any CPU
		{2F3F4375-C91D-55FB-3EC5-CCD36D826D45}.Release|Any CPU.Build.0 = Release|Any CPU
	EndGlobalSection
	GlobalSection(SolutionProperties) = preSolution
		HideSolutionNode = FALSE
	EndGlobalSection
	GlobalSection(MonoDevelopProperties) = preSolution
		StartupItem = Assembly-CSharp.csproj
	EndGlobalSection
EndGlobal
